<Solution>
  <Folder Name="/src/">
    <Project Path="src/HealthDesk.API/HealthDesk.API.csproj" />
    <Project Path="src/HealthDesk.Data/HealthDesk.Data.csproj" />
    <Project Path="src/HealthDesk.Entities/HealthDesk.Entities.csproj" />
    <Project Path="src/HealthDesk.Service/HealthDesk.Service.csproj" />
  </Folder>
</Solution>
